
Microsoft Visual Studio Solution File, Format Version 12.00
# Visual Studio 15
Project("{FAE04EC0-301F-11D3-BF4B-00C04F79EFBC}") = "Assembly-CSharp", "Assembly-CSharp.csproj", "{4146A6F4-A31C-F09B-F1F3-4ECFD49CF991}"
EndProject
Project("{FAE04EC0-301F-11D3-BF4B-00C04F79EFBC}") = "NavMeshComponents", "NavMeshComponents.csproj", "{9FC92012-8ED2-BB70-94FB-053D612C7ECF}"
EndProject
Project("{FAE04EC0-301F-11D3-BF4B-00C04F79EFBC}") = "NavMeshComponentsEditor", "NavMeshComponentsEditor.csproj", "{BE8A5EF0-8708-BF49-7591-D9864849D121}"
EndProject
Global
	GlobalSection(SolutionConfigurationPlatforms) = preSolution
		Debug|Any CPU = Debug|Any CPU
		Release|Any CPU = Release|Any CPU
	EndGlobalSection
	GlobalSection(ProjectConfigurationPlatforms) = postSolution
		{4146A6F4-A31C-F09B-F1F3-4ECFD49CF991}.Debug|Any CPU.ActiveCfg = Debug|Any CPU
		{4146A6F4-A31C-F09B-F1F3-4ECFD49CF991}.Debug|Any CPU.Build.0 = Debug|Any CPU
		{4146A6F4-A31C-F09B-F1F3-4ECFD49CF991}.Release|Any CPU.ActiveCfg = Release|Any CPU
		{4146A6F4-A31C-F09B-F1F3-4ECFD49CF991}.Release|Any CPU.Build.0 = Release|Any CPU
		{9FC92012-8ED2-BB70-94FB-053D612C7ECF}.Debug|Any CPU.ActiveCfg = Debug|Any CPU
		{9FC92012-8ED2-BB70-94FB-053D612C7ECF}.Debug|Any CPU.Build.0 = Debug|Any CPU
		{9FC92012-8ED2-BB70-94FB-053D612C7ECF}.Release|Any CPU.ActiveCfg = Release|Any CPU
		{9FC92012-8ED2-BB70-94FB-053D612C7ECF}.Release|Any CPU.Build.0 = Release|Any CPU
		{BE8A5EF0-8708-BF49-7591-D9864849D121}.Debug|Any CPU.ActiveCfg = Debug|Any CPU
		{BE8A5EF0-8708-BF49-7591-D9864849D121}.Debug|Any CPU.Build.0 = Debug|Any CPU
		{BE8A5EF0-8708-BF49-7591-D9864849D121}.Release|Any CPU.ActiveCfg = Release|Any CPU
		{BE8A5EF0-8708-BF49-7591-D9864849D121}.Release|Any CPU.Build.0 = Release|Any CPU
	EndGlobalSection
	GlobalSection(SolutionProperties) = preSolution
		HideSolutionNode = FALSE
	EndGlobalSection
EndGlobal
